# This file is generated by running "yarn install" inside your project.
# Manual changes might be lost - proceed with caution!

__metadata:
  version: 8
  cacheKey: 10c0

"@emnapi/runtime@npm:^1.7.0":
  version: 1.8.1
  resolution: "@emnapi/runtime@npm:1.8.1"
  dependencies:
    tslib: "npm:^2.4.0"
  checksum: 10c0/f4929d75e37aafb24da77d2f58816761fe3f826aad2e37fa6d4421dac9060cbd5098eea1ac3c9ecc4526b89deb58153852fa432f87021dc57863f2ff726d713f
  languageName: node
  linkType: hard

"@img/colour@npm:^1.0.0":
  version: 1.0.0
  resolution: "@img/colour@npm:1.0.0"
  checksum: 10c0/02261719c1e0d7aa5a2d585981954f2ac126f0c432400aa1a01b925aa2c41417b7695da8544ee04fd29eba7ecea8eaf9b8bef06f19dc8faba78f94eeac40667d
  languageName: node
  linkType: hard

"@img/sharp-darwin-arm64@npm:0.34.5":
  version: 0.34.5
  resolution: "@img/sharp-darwin-arm64@npm:0.34.5"
  dependencies:
    "@img/sharp-libvips-darwin-arm64": "npm:1.2.4"
  dependenciesMeta:
    "@img/sharp-libvips-darwin-arm64":
      optional: true
  conditions: os=darwin & cpu=arm64
  languageName: node
  linkType: hard

"@img/sharp-darwin-x64@npm:0.34.5":
  version: 0.34.5
  resolution: "@img/sharp-darwin-x64@npm:0.34.5"
  dependencies:
    "@img/sharp-libvips-darwin-x64": "npm:1.2.4"
  dependenciesMeta:
    "@img/sharp-libvips-darwin-x64":
      optional: true
  conditions: os=darwin & cpu=x64
  languageName: node
  linkType: hard

"@img/sharp-libvips-darwin-arm64@npm:1.2.4":
  version: 1.2.4
  resolution: "@img/sharp-libvips-darwin-arm64@npm:1.2.4"
  conditions: os=darwin & cpu=arm64
  languageName: node
  linkType: hard

"@img/sharp-libvips-darwin-x64@npm:1.2.4":
  version: 1.2.4
  resolution: "@img/sharp-libvips-darwin-x64@npm:1.2.4"
  conditions: os=darwin & cpu=x64
  languageName: node
  linkType: hard

"@img/sharp-libvips-linux-arm64@npm:1.2.4":
  version: 1.2.4
  resolution: "@img/sharp-libvips-linux-arm64@npm:1.2.4"
  conditions: os=linux & cpu=arm64 & libc=glibc
  languageName: node
  linkType: hard

"@img/sharp-libvips-linux-arm@npm:1.2.4":
  version: 1.2.4
  resolution: "@img/sharp-libvips-linux-arm@npm:1.2.4"
  conditions: os=linux & cpu=arm & libc=glibc
  languageName: node
  linkType: hard

"@img/sharp-libvips-linux-ppc64@npm:1.2.4":
  version: 1.2.4
  resolution: "@img/sharp-libvips-linux-ppc64@npm:1.2.4"
  conditions: os=linux & cpu=ppc64 & libc=glibc
  languageName: node
  linkType: hard

"@img/sharp-libvips-linux-riscv64@npm:1.2.4":
  version: 1.2.4
  resolution: "@img/sharp-libvips-linux-riscv64@npm:1.2.4"
  conditions: os=linux & cpu=riscv64 & libc=glibc
  languageName: node
  linkType: hard

"@img/sharp-libvips-linux-s390x@npm:1.2.4":
  version: 1.2.4
  resolution: "@img/sharp-libvips-linux-s390x@npm:1.2.4"
  conditions: os=linux & cpu=s390x & libc=glibc
  languageName: node
  linkType: hard

"@img/sharp-libvips-linux-x64@npm:1.2.4":
  version: 1.2.4
  resolution: "@img/sharp-libvips-linux-x64@npm:1.2.4"
  conditions: os=linux & cpu=x64 & libc=glibc
  languageName: node
  linkType: hard

"@img/sharp-libvips-linuxmusl-arm64@npm:1.2.4":
  version: 1.2.4
  resolution: "@img/sharp-libvips-linuxmusl-arm64@npm:1.2.4"
  conditions: os=linux & cpu=arm64 & libc=musl
  languageName: node
  linkType: hard

"@img/sharp-libvips-linuxmusl-x64@npm:1.2.4":
  version: 1.2.4
  resolution: "@img/sharp-libvips-linuxmusl-x64@npm:1.2.4"
  conditions: os=linux & cpu=x64 & libc=musl
  languageName: node
  linkType: hard

"@img/sharp-linux-arm64@npm:0.34.5":
  version: 0.34.5
  resolution: "@img/sharp-linux-arm64@npm:0.34.5"
  dependencies:
    "@img/sharp-libvips-linux-arm64": "npm:1.2.4"
  dependenciesMeta:
    "@img/sharp-libvips-linux-arm64":
      optional: true
  conditions: os=linux & cpu=arm64 & libc=glibc
  languageName: node
  linkType: hard

"@img/sharp-linux-arm@npm:0.34.5":
  version: 0.34.5
  resolution: "@img/sharp-linux-arm@npm:0.34.5"
  dependencies:
    "@img/sharp-libvips-linux-arm": "npm:1.2.4"
  dependenciesMeta:
    "@img/sharp-libvips-linux-arm":
      optional: true
  conditions: os=linux & cpu=arm & libc=glibc
  languageName: node
  linkType: hard

"@img/sharp-linux-ppc64@npm:0.34.5":
  version: 0.34.5
  resolution: "@img/sharp-linux-ppc64@npm:0.34.5"
  dependencies:
    "@img/sharp-libvips-linux-ppc64": "npm:1.2.4"
  dependenciesMeta:
    "@img/sharp-libvips-linux-ppc64":
      optional: true
  conditions: os=linux & cpu=ppc64 & libc=glibc
  languageName: node
  linkType: hard

"@img/sharp-linux-riscv64@npm:0.34.5":
  version: 0.34.5
  resolution: "@img/sharp-linux-riscv64@npm:0.34.5"
  dependencies:
    "@img/sharp-libvips-linux-riscv64": "npm:1.2.4"
  dependenciesMeta:
    "@img/sharp-libvips-linux-riscv64":
      optional: true
  conditions: os=linux & cpu=riscv64 & libc=glibc
  languageName: node
  linkType: hard

"@img/sharp-linux-s390x@npm:0.34.5":
  version: 0.34.5
  resolution: "@img/sharp-linux-s390x@npm:0.34.5"
  dependencies:
    "@img/sharp-libvips-linux-s390x": "npm:1.2.4"
  dependenciesMeta:
    "@img/sharp-libvips-linux-s390x":
      optional: true
  conditions: os=linux & cpu=s390x & libc=glibc
  languageName: node
  linkType: hard

"@img/sharp-linux-x64@npm:0.34.5":
  version: 0.34.5
  resolution: "@img/sharp-linux-x64@npm:0.34.5"
  dependencies:
    "@img/sharp-libvips-linux-x64": "npm:1.2.4"
  dependenciesMeta:
    "@img/sharp-libvips-linux-x64":
      optional: true
  conditions: os=linux & cpu=x64 & libc=glibc
  languageName: node
  linkType: hard

"@img/sharp-linuxmusl-arm64@npm:0.34.5":
  version: 0.34.5
  resolution: "@img/sharp-linuxmusl-arm64@npm:0.34.5"
  dependencies:
    "@img/sharp-libvips-linuxmusl-arm64": "npm:1.2.4"
  dependenciesMeta:
    "@img/sharp-libvips-linuxmusl-arm64":
      optional: true
  conditions: os=linux & cpu=arm64 & libc=musl
  languageName: node
  linkType: hard

"@img/sharp-linuxmusl-x64@npm:0.34.5":
  version: 0.34.5
  resolution: "@img/sharp-linuxmusl-x64@npm:0.34.5"
  dependencies:
    "@img/sharp-libvips-linuxmusl-x64": "npm:1.2.4"
  dependenciesMeta:
    "@img/sharp-libvips-linuxmusl-x64":
      optional: true
  conditions: os=linux & cpu=x64 & libc=musl
  languageName: node
  linkType: hard

"@img/sharp-wasm32@npm:0.34.5":
  version: 0.34.5
  resolution: "@img/sharp-wasm32@npm:0.34.5"
  dependencies:
    "@emnapi/runtime": "npm:^1.7.0"
  conditions: cpu=wasm32
  languageName: node
  linkType: hard

"@img/sharp-win32-arm64@npm:0.34.5":
  version: 0.34.5
  resolution: "@img/sharp-win32-arm64@npm:0.34.5"
  conditions: os=win32 & cpu=arm64
  languageName: node
  linkType: hard

"@img/sharp-win32-ia32@npm:0.34.5":
  version: 0.34.5
  resolution: "@img/sharp-win32-ia32@npm:0.34.5"
  conditions: os=win32 & cpu=ia32
  languageName: node
  linkType: hard

"@img/sharp-win32-x64@npm:0.34.5":
  version: 0.34.5
  resolution: "@img/sharp-win32-x64@npm:0.34.5"
  conditions: os=win32 & cpu=x64
  languageName: node
  linkType: hard

"detect-libc@npm:^2.1.2":
  version: 2.1.2
  resolution: "detect-libc@npm:2.1.2"
  checksum: 10c0/acc675c29a5649fa1fb6e255f993b8ee829e510b6b56b0910666949c80c364738833417d0edb5f90e4e46be17228b0f2b66a010513984e18b15deeeac49369c4
  languageName: node
  linkType: hard

"next-image-transformer@workspace:.":
  version: 0.0.0-use.local
  resolution: "next-image-transformer@workspace:."
  dependencies:
    prettier: "npm:^3.7.4"
    sharp: "npm:^0.34.5"
    zod: "npm:^4.3.5"
  languageName: unknown
  linkType: soft

"prettier@npm:^3.7.4":
  version: 3.7.4
  resolution: "prettier@npm:3.7.4"
  bin:
    prettier: bin/prettier.cjs
  checksum: 10c0/9675d2cd08eacb1faf1d1a2dbfe24bfab6a912b059fc9defdb380a408893d88213e794a40a2700bd29b140eb3172e0b07c852853f6e22f16f3374659a1a13389
  languageName: node
  linkType: hard

"semver@npm:^7.7.3":
  version: 7.7.3
  resolution: "semver@npm:7.7.3"
  bin:
    semver: bin/semver.js
  checksum: 10c0/4afe5c986567db82f44c8c6faef8fe9df2a9b1d98098fc1721f57c696c4c21cebd572f297fc21002f81889492345b8470473bc6f4aff5fb032a6ea59ea2bc45e
  languageName: node
  linkType: hard

"sharp@npm:^0.34.5":
  version: 0.34.5
  resolution: "sharp@npm:0.34.5"
  dependencies:
    "@img/colour": "npm:^1.0.0"
    "@img/sharp-darwin-arm64": "npm:0.34.5"
    "@img/sharp-darwin-x64": "npm:0.34.5"
    "@img/sharp-libvips-darwin-arm64": "npm:1.2.4"
    "@img/sharp-libvips-darwin-x64": "npm:1.2.4"
    "@img/sharp-libvips-linux-arm": "npm:1.2.4"
    "@img/sharp-libvips-linux-arm64": "npm:1.2.4"
    "@img/sharp-libvips-linux-ppc64": "npm:1.2.4"
    "@img/sharp-libvips-linux-riscv64": "npm:1.2.4"
    "@img/sharp-libvips-linux-s390x": "npm:1.2.4"
    "@img/sharp-libvips-linux-x64": "npm:1.2.4"
    "@img/sharp-libvips-linuxmusl-arm64": "npm:1.2.4"
    "@img/sharp-libvips-linuxmusl-x64": "npm:1.2.4"
    "@img/sharp-linux-arm": "npm:0.34.5"
    "@img/sharp-linux-arm64": "npm:0.34.5"
    "@img/sharp-linux-ppc64": "npm:0.34.5"
    "@img/sharp-linux-riscv64": "npm:0.34.5"
    "@img/sharp-linux-s390x": "npm:0.34.5"
    "@img/sharp-linux-x64": "npm:0.34.5"
    "@img/sharp-linuxmusl-arm64": "npm:0.34.5"
    "@img/sharp-linuxmusl-x64": "npm:0.34.5"
    "@img/sharp-wasm32": "npm:0.34.5"
    "@img/sharp-win32-arm64": "npm:0.34.5"
    "@img/sharp-win32-ia32": "npm:0.34.5"
    "@img/sharp-win32-x64": "npm:0.34.5"
    detect-libc: "npm:^2.1.2"
    semver: "npm:^7.7.3"
  dependenciesMeta:
    "@img/sharp-darwin-arm64":
      optional: true
    "@img/sharp-darwin-x64":
      optional: true
    "@img/sharp-libvips-darwin-arm64":
      optional: true
    "@img/sharp-libvips-darwin-x64":
      optional: true
    "@img/sharp-libvips-linux-arm":
      optional: true
    "@img/sharp-libvips-linux-arm64":
      optional: true
    "@img/sharp-libvips-linux-ppc64":
      optional: true
    "@img/sharp-libvips-linux-riscv64":
      optional: true
    "@img/sharp-libvips-linux-s390x":
      optional: true
    "@img/sharp-libvips-linux-x64":
      optional: true
    "@img/sharp-libvips-linuxmusl-arm64":
      optional: true
    "@img/sharp-libvips-linuxmusl-x64":
      optional: true
    "@img/sharp-linux-arm":
      optional: true
    "@img/sharp-linux-arm64":
      optional: true
    "@img/sharp-linux-ppc64":
      optional: true
    "@img/sharp-linux-riscv64":
      optional: true
    "@img/sharp-linux-s390x":
      optional: true
    "@img/sharp-linux-x64":
      optional: true
    "@img/sharp-linuxmusl-arm64":
      optional: true
    "@img/sharp-linuxmusl-x64":
      optional: true
    "@img/sharp-wasm32":
      optional: true
    "@img/sharp-win32-arm64":
      optional: true
    "@img/sharp-win32-ia32":
      optional: true
    "@img/sharp-win32-x64":
      optional: true
  checksum: 10c0/fd79e29df0597a7d5704b8461c51f944ead91a5243691697be6e8243b966402beda53ddc6f0a53b96ea3cb8221f0b244aa588114d3ebf8734fb4aefd41ab802f
  languageName: node
  linkType: hard

"tslib@npm:^2.4.0":
  version: 2.8.1
  resolution: "tslib@npm:2.8.1"
  checksum: 10c0/9c4759110a19c53f992d9aae23aac5ced636e99887b51b9e61def52611732872ff7668757d4e4c61f19691e36f4da981cd9485e869b4a7408d689f6bf1f14e62
  languageName: node
  linkType: hard

"zod@npm:^4.3.5":
  version: 4.3.5
  resolution: "zod@npm:4.3.5"
  checksum: 10c0/5a2db7e59177a3d7e202543f5136cb87b97b047b77c8a3d824098d3fa8b80d3aa40a0a5f296965c3b82dfdccdd05dbbfacce91347f16a39c675680fd7b1ab109
  languageName: node
  linkType: hard
